// !$*UTF8*$!
{
	archiveVersion = 1;
	classes = {
	};
	objectVersion = 50;
	objects = {

/* Begin PBXBuildFile section */
		F1612EA723E32EA300820053 /* AppDelegate.swift in Sources */ = {isa = PBXBuildFile; fileRef = F1612EA623E32EA300820053 /* AppDelegate.swift */; };
		F1612EA923E32EA300820053 /* SceneDelegate.swift in Sources */ = {isa = PBXBuildFile; fileRef = F1612EA823E32EA300820053 /* SceneDelegate.swift */; };
		F1612EAB23E32EA300820053 /* HomeView.swift in Sources */ = {isa = PBXBuildFile; fileRef = F1612EAA23E32EA300820053 /* HomeView.swift */; };
		F1612EAD23E32EA400820053 /* Assets.xcassets in Resources */ = {isa = PBXBuildFile; fileRef = F1612EAC23E32EA400820053 /* Assets.xcassets */; };
		F1612EB023E32EA400820053 /* Preview Assets.xcassets in Resources */ = {isa = PBXBuildFile; fileRef = F1612EAF23E32EA400820053 /* Preview Assets.xcassets */; };
		F1612EB323E32EA400820053 /* LaunchScreen.storyboard in Resources */ = {isa = PBXBuildFile; fileRef = F1612EB123E32EA400820053 /* LaunchScreen.storyboard */; };
		F1612EBB23E33BC100820053 /* CustomAlertView.swift in Sources */ = {isa = PBXBuildFile; fileRef = F1612EBA23E33BC100820053 /* CustomAlertView.swift */; };
		F1612EBD23E33D4000820053 /* VisualEffectView.swift in Sources */ = {isa = PBXBuildFile; fileRef = F1612EBC23E33D4000820053 /* VisualEffectView.swift */; };
/* End PBXBuildFile section */

/* Begin PBXFileReference section */
		F1612EA323E32EA300820053 /* AlertDemo.app */ = {isa = PBXFileReference; explicitFileType = wrapper.application; includeInIndex = 0; path = AlertDemo.app; sourceTree = BUILT_PRODUCTS_DIR; };
		F1612EA623E32EA300820053 /* AppDelegate.swift */ = {isa = PBXFileReference; lastKnownFileType = sourcecode.swift; path = AppDelegate.swift; sourceTree = "<group>"; };
		F1612EA823E32EA300820053 /* SceneDelegate.swift */ = {isa = PBXFileReference; lastKnownFileType = sourcecode.swift; path = SceneDelegate.swift; sourceTree = "<group>"; };
		F1612EAA23E32EA300820053 /* HomeView.swift */ = {isa = PBXFileReference; lastKnownFileType = sourcecode.swift; path = HomeView.swift; sourceTree = "<group>"; };
		F1612EAC23E32EA400820053 /* Assets.xcassets */ = {isa = PBXFileReference; lastKnownFileType = folder.assetcatalog; path = Assets.xcassets; sourceTree = "<group>"; };
		F1612EAF23E32EA400820053 /* Preview Assets.xcassets */ = {isa = PBXFileReference; lastKnownFileType = folder.assetcatalog; path = "Preview Assets.xcassets"; sourceTree = "<group>"; };
		F1612EB223E32EA400820053 /* Base */ = {isa = PBXFileReference; lastKnownFileType = file.storyboard; name = Base; path = Base.lproj/LaunchScreen.storyboard; sourceTree = "<group>"; };
		F1612EB423E32EA400820053 /* Info.plist */ = {isa = PBXFileReference; lastKnownFileType = text.plist.xml; path = Info.plist; sourceTree = "<group>"; };
		F1612EBA23E33BC100820053 /* CustomAlertView.swift */ = {isa = PBXFileReference; lastKnownFileType = sourcecode.swift; path = CustomAlertView.swift; sourceTree = "<group>"; };
		F1612EBC23E33D4000820053 /* VisualEffectView.swift */ = {isa = PBXFileReference; lastKnownFileType = sourcecode.swift; path = VisualEffectView.swift; sourceTree = "<group>"; };
/* End PBXFileReference section */

/* Begin PBXFrameworksBuildPhase section */
		F1612EA023E32EA300820053 /* Frameworks */ = {
			isa = PBXFrameworksBuildPhase;
			buildActionMask = 2147483647;
			files = (
			);
			runOnlyForDeploymentPostprocessing = 0;
		};
/* End PBXFrameworksBuildPhase section */

/* Begin PBXGroup section */
		F1612E9A23E32EA300820053 = {
			isa = PBXGroup;
			children = (
				F1612EA523E32EA300820053 /* AlertDemo */,
				F1612EA423E32EA300820053 /* Products */,
			);
			sourceTree = "<group>";
		};
		F1612EA423E32EA300820053 /* Products */ = {
			isa = PBXGroup;
			children = (
				F1612EA323E32EA300820053 /* AlertDemo.app */,
			);
			name = Products;
			sourceTree = "<group>";
		};
		F1612EA523E32EA300820053 /* AlertDemo */ = {
			isa = PBXGroup;
			children = (
				F1612EA623E32EA300820053 /* AppDelegate.swift */,
				F1612EA823E32EA300820053 /* SceneDelegate.swift */,
				F1612EBC23E33D4000820053 /* VisualEffectView.swift */,
				F1612EAA23E32EA300820053 /* HomeView.swift */,
				F1612EBA23E33BC100820053 /* CustomAlertView.swift */,
				F1612EAC23E32EA400820053 /* Assets.xcassets */,
				F1612EB123E32EA400820053 /* LaunchScreen.storyboard */,
				F1612EB423E32EA400820053 /* Info.plist */,
				F1612EAE23E32EA400820053 /* Preview Content */,
			);
			path = AlertDemo;
			sourceTree = "<group>";
		};
		F1612EAE23E32EA400820053 /* Preview Content */ = {
			isa = PBXGroup;
			children = (
				F1612EAF23E32EA400820053 /* Preview Assets.xcassets */,
			);
			path = "Preview Content";
			sourceTree = "<group>";
		};
/* End PBXGroup section */

/* Begin PBXNativeTarget section */
		F1612EA223E32EA300820053 /* AlertDemo */ = {
			isa = PBXNativeTarget;
			buildConfigurationList = F1612EB723E32EA400820053 /* Build configuration list for PBXNativeTarget "AlertDemo" */;
			buildPhases = (
				F1612E9F23E32EA300820053 /* Sources */,
				F1612EA023E32EA300820053 /* Frameworks */,
				F1612EA123E32EA300820053 /* Resources */,
			);
			buildRules = (
			);
			dependencies = (
			);
			name = AlertDemo;
			productName = AlertDemo;
			productReference = F1612EA323E32EA300820053 /* AlertDemo.app */;
			productType = "com.apple.product-type.application";
		};
/* End PBXNativeTarget section */

/* Begin PBXProject section */
		F1612E9B23E32EA300820053 /* Project object */ = {
			isa = PBXProject;
			attributes = {
				LastSwiftUpdateCheck = 1130;
				LastUpgradeCheck = 1130;
				ORGANIZATIONNAME = JD;
				TargetAttributes = {
					F1612EA223E32EA300820053 = {
						CreatedOnToolsVersion = 11.3.1;
					};
				};
			};
			buildConfigurationList = F1612E9E23E32EA300820053 /* Build configuration list for PBXProject "AlertDemo" */;
			compatibilityVersion = "Xcode 9.3";
			developmentRegion = en;
			hasScannedForEncodings = 0;
			knownRegions = (
				en,
				Base,
			);
			mainGroup = F1612E9A23E32EA300820053;
			productRefGroup = F1612EA423E32EA300820053 /* Products */;
			projectDirPath = "";
			projectRoot = "";
			targets = (
				F1612EA223E32EA300820053 /* AlertDemo */,
			);
		};
/* End PBXProject section */

/* Begin PBXResourcesBuildPhase section */
		F1612EA123E32EA300820053 /* Resources */ = {
			isa = PBXResourcesBuildPhase;
			buildActionMask = 2147483647;
			files = (
				F1612EB323E32EA400820053 /* LaunchScreen.storyboard in Resources */,
				F1612EB023E32EA400820053 /* Preview Assets.xcassets in Resources */,
				F1612EAD23E32EA400820053 /* Assets.xcassets in Resources */,
			);
			runOnlyForDeploymentPostprocessing = 0;
		};
/* End PBXResourcesBuildPhase section */

/* Begin PBXSourcesBuildPhase section */
		F1612E9F23E32EA300820053 /* Sources */ = {
			isa = PBXSourcesBuildPhase;
			buildActionMask = 2147483647;
			files = (
				F1612EBD23E33D4000820053 /* VisualEffectView.swift in Sources */,
				F1612EA723E32EA300820053 /* AppDelegate.swift in Sources */,
				F1612EA923E32EA300820053 /* SceneDelegate.swift in Sources */,
				F1612EBB23E33BC100820053 /* CustomAlertView.swift in Sources */,
				F1612EAB23E32EA300820053 /* HomeView.swift in Sources */,
			);
			runOnlyForDeploymentPostprocessing = 0;
		};
/* End PBXSourcesBuildPhase section */

/* Begin PBXVariantGroup section */
		F1612EB123E32EA400820053 /* LaunchScreen.storyboard */ = {
			isa = PBXVariantGroup;
			children = (
				F1612EB223E32EA400820053 /* Base */,
			);
			name = LaunchScreen.storyboard;
			sourceTree = "<group>";
		};
/* End PBXVariantGroup section */

/* Begin XCBuildConfiguration section */
		F1612EB523E32EA400820053 /* Debug */ = {
			isa = XCBuildConfiguration;
			buildSettings = {
				ALWAYS_SEARCH_USER_PATHS = NO;
				CLANG_ANALYZER_NONNULL = YES;
				CLANG_ANALYZER_NUMBER_OBJECT_CONVERSION = YES_AGGRESSIVE;
				CLANG_CXX_LANGUAGE_STANDARD = "gnu++14";
				CLANG_CXX_LIBRARY = "libc++";
				CLANG_ENABLE_MODULES = YES;
				CLANG_ENABLE_OBJC_ARC = YES;
				CLANG_ENABLE_OBJC_WEAK = YES;
				CLANG_WARN_BLOCK_CAPTURE_AUTORELEASING = YES;
				CLANG_WARN_BOOL_CONVERSION = YES;
				CLANG_WARN_COMMA = YES;
				CLANG_WARN_CONSTANT_CONVERSION = YES;
				CLANG_WARN_DEPRECATED_OBJC_IMPLEMENTATIONS = YES;
				CLANG_WARN_DIRECT_OBJC_ISA_USAGE = YES_ERROR;
				CLANG_WARN_DOCUMENTATION_COMMENTS = YES;
				CLANG_WARN_EMPTY_BODY = YES;
				CLANG_WARN_ENUM_CONVERSION = YES;
				CLANG_WARN_INFINITE_RECURSION = YES;
				CLANG_WARN_INT_CONVERSION = YES;
				CLANG_WARN_NON_LITERAL_NULL_CONVERSION = YES;
				CLANG_WARN_OBJC_IMPLICIT_RETAIN_SELF = YES;
				CLANG_WARN_OBJC_LITERAL_CONVERSION = YES;
				CLANG_WARN_OBJC_ROOT_CLASS = YES_ERROR;
				CLANG_WARN_RANGE_LOOP_ANALYSIS = YES;
				CLANG_WARN_STRICT_PROTOTYPES = YES;
				CLANG_WARN_SUSPICIOUS_MOVE = YES;
				CLANG_WARN_UNGUARDED_AVAILABILITY = YES_AGGRESSIVE;
				CLANG_WARN_UNREACHABLE_CODE = YES;
				CLANG_WARN__DUPLICATE_METHOD_MATCH = YES;
				COPY_PHASE_STRIP = NO;
				DEBUG_INFORMATION_FORMAT = dwarf;
				ENABLE_STRICT_OBJC_MSGSEND = YES;
				ENABLE_TESTABILITY = YES;
				GCC_C_LANGUAGE_STANDARD = gnu11;
				GCC_DYNAMIC_NO_PIC = NO;
				GCC_NO_COMMON_BLOCKS = YES;
				GCC_OPTIMIZATION_LEVEL = 0;
				GCC_PREPROCESSOR_DEFINITIONS = (
					"DEBUG=1",
					"$(inherited)",
				);
				GCC_WARN_64_TO_32_BIT_CONVERSION = YES;
				GCC_WARN_ABOUT_RETURN_TYPE = YES_ERROR;
				GCC_WARN_UNDECLARED_SELECTOR = YES;
				GCC_WARN_UNINITIALIZED_AUTOS = YES_AGGRESSIVE;
				GCC_WARN_UNUSED_FUNCTION = YES;
				GCC_WARN_UNUSED_VARIABLE = YES;
				IPHONEOS_DEPLOYMENT_TARGET = 13.2;
				MTL_ENABLE_DEBUG_INFO = INCLUDE_SOURCE;
				MTL_FAST_MATH = YES;
				ONLY_ACTIVE_ARCH = YES;
				SDKROOT = iphoneos;
				SWIFT_ACTIVE_COMPILATION_CONDITIONS = DEBUG;
				SWIFT_OPTIMIZATION_LEVEL = "-Onone";
			};
			name = Debug;
		};
		F1612EB623E32EA400820053 /* Release */ = {
			isa = XCBuildConfiguration;
			buildSettings = {
				ALWAYS_SEARCH_USER_PATHS = NO;
				CLANG_ANALYZER_NONNULL = YES;
				CLANG_ANALYZER_NUMBER_OBJECT_CONVERSION = YES_AGGRESSIVE;
				CLANG_CXX_LANGUAGE_STANDARD = "gnu++14";
				CLANG_CXX_LIBRARY = "libc++";
				CLANG_ENABLE_MODULES = YES;
				CLANG_ENABLE_OBJC_ARC = YES;
				CLANG_ENABLE_OBJC_WEAK = YES;
				CLANG_WARN_BLOCK_CAPTURE_AUTORELEASING = YES;
				CLANG_WARN_BOOL_CONVERSION = YES;
				CLANG_WARN_COMMA = YES;
				CLANG_WARN_CONSTANT_CONVERSION = YES;
				CLANG_WARN_DEPRECATED_OBJC_IMPLEMENTATIONS = YES;
				CLANG_WARN_DIRECT_OBJC_ISA_USAGE = YES_ERROR;
				CLANG_WARN_DOCUMENTATION_COMMENTS = YES;
				CLANG_WARN_EMPTY_BODY = YES;
				CLANG_WARN_ENUM_CONVERSION = YES;
				CLANG_WARN_INFINITE_RECURSION = YES;
				CLANG_WARN_INT_CONVERSION = YES;
				CLANG_WARN_NON_LITERAL_NULL_CONVERSION = YES;
				CLANG_WARN_OBJC_IMPLICIT_RETAIN_SELF = YES;
				CLANG_WARN_OBJC_LITERAL_CONVERSION = YES;
				CLANG_WARN_OBJC_ROOT_CLASS = YES_ERROR;
				CLANG_WARN_RANGE_LOOP_ANALYSIS = YES;
				CLANG_WARN_STRICT_PROTOTYPES = YES;
				CLANG_WARN_SUSPICIOUS_MOVE = YES;
				CLANG_WARN_UNGUARDED_AVAILABILITY = YES_AGGRESSIVE;
				CLANG_WARN_UNREACHABLE_CODE = YES;
				CLANG_WARN__DUPLICATE_METHOD_MATCH = YES;
				COPY_PHASE_STRIP = NO;
				DEBUG_INFORMATION_FORMAT = "dwarf-with-dsym";
				ENABLE_NS_ASSERTIONS = NO;
				ENABLE_STRICT_OBJC_MSGSEND = YES;
				GCC_C_LANGUAGE_STANDARD = gnu11;
				GCC_NO_COMMON_BLOCKS = YES;
				GCC_WARN_64_TO_32_BIT_CONVERSION = YES;
				GCC_WARN_ABOUT_RETURN_TYPE = YES_ERROR;
				GCC_WARN_UNDECLARED_SELECTOR = YES;
				GCC_WARN_UNINITIALIZED_AUTOS = YES_AGGRESSIVE;
				GCC_WARN_UNUSED_FUNCTION = YES;
				GCC_WARN_UNUSED_VARIABLE = YES;
				IPHONEOS_DEPLOYMENT_TARGET = 13.2;
				MTL_ENABLE_DEBUG_INFO = NO;
				MTL_FAST_MATH = YES;
				SDKROOT = iphoneos;
				SWIFT_COMPILATION_MODE = wholemodule;
				SWIFT_OPTIMIZATION_LEVEL = "-O";
				VALIDATE_PRODUCT = YES;
			};
			name = Release;
		};
		F1612EB823E32EA400820053 /* Debug */ = {
			isa = XCBuildConfiguration;
			buildSettings = {
				ASSETCATALOG_COMPILER_APPICON_NAME = AppIcon;
				CODE_SIGN_STYLE = Manual;
				DEVELOPMENT_ASSET_PATHS = "\"AlertDemo/Preview Content\"";
				DEVELOPMENT_TEAM = "";
				ENABLE_PREVIEWS = YES;
				INFOPLIST_FILE = AlertDemo/Info.plist;
				LD_RUNPATH_SEARCH_PATHS = (
					"$(inherited)",
					"@executable_path/Frameworks",
				);
				PRODUCT_BUNDLE_IDENTIFIER = com.iamjdpatel.AlertDemo;
				PRODUCT_NAME = "$(TARGET_NAME)";
				PROVISIONING_PROFILE_SPECIFIER = "";
				SWIFT_VERSION = 5.0;
				TARGETED_DEVICE_FAMILY = "1,2";
			};
			name = Debug;
		};
		F1612EB923E32EA400820053 /* Release */ = {
			isa = XCBuildConfiguration;
			buildSettings = {
				ASSETCATALOG_COMPILER_APPICON_NAME = AppIcon;
				CODE_SIGN_STYLE = Manual;
				DEVELOPMENT_ASSET_PATHS = "\"AlertDemo/Preview Content\"";
				DEVELOPMENT_TEAM = "";
				ENABLE_PREVIEWS = YES;
				INFOPLIST_FILE = AlertDemo/Info.plist;
				LD_RUNPATH_SEARCH_PATHS = (
					"$(inherited)",
					"@executable_path/Frameworks",
				);
				PRODUCT_BUNDLE_IDENTIFIER = com.iamjdpatel.AlertDemo;
				PRODUCT_NAME = "$(TARGET_NAME)";
				PROVISIONING_PROFILE_SPECIFIER = "";
				SWIFT_VERSION = 5.0;
				TARGETED_DEVICE_FAMILY = "1,2";
			};
			name = Release;
		};
/* End XCBuildConfiguration section */

/* Begin XCConfigurationList section */
		F1612E9E23E32EA300820053 /* Build configuration list for PBXProject "AlertDemo" */ = {
			isa = XCConfigurationList;
			buildConfigurations = (
				F1612EB523E32EA400820053 /* Debug */,
				F1612EB623E32EA400820053 /* Release */,
			);
			defaultConfigurationIsVisible = 0;
			defaultConfigurationName = Release;
		};
		F1612EB723E32EA400820053 /* Build configuration list for PBXNativeTarget "AlertDemo" */ = {
			isa = XCConfigurationList;
			buildConfigurations = (
				F1612EB823E32EA400820053 /* Debug */,
				F1612EB923E32EA400820053 /* Release */,
			);
			defaultConfigurationIsVisible = 0;
			defaultConfigurationName = Release;
		};
/* End XCConfigurationList section */
	};
	rootObject = F1612E9B23E32EA300820053 /* Project object */;
}
